
Microsoft Visual Studio Solution File, Format Version 12.00
# Visual Studio 2013
VisualStudioVersion = 12.0.40418.0
MinimumVisualStudioVersion = 10.0.40219.1
Project("{FAE04EC0-301F-11D3-BF4B-00C04F79EFBC}") = "Text2CSV", "Text2CSV\Text2CSV.csproj", "{EC937DE8-E69B-430A-AE6D-ACDB651E1EF5}"
EndProject
Project("{FAE04EC0-301F-11D3-BF4B-00C04F79EFBC}") = "CSV2Texts", "CSV2Texts\CSV2Texts.csproj", "{006D599B-4B8C-45BC-8869-C3EA3114D6E6}"
EndProject
Project("{FAE04EC0-301F-11D3-BF4B-00C04F79EFBC}") = "XML2CSV", "XML2CSV\XML2CSV.csproj", "{F66EA696-319D-4834-9658-B20557F82331}"
EndProject
Global
	GlobalSection(SolutionConfigurationPlatforms) = preSolution
		Debug|Any CPU = Debug|Any CPU
		Release|Any CPU = Release|Any CPU
	EndGlobalSection
	GlobalSection(ProjectConfigurationPlatforms) = postSolution
		{EC937DE8-E69B-430A-AE6D-ACDB651E1EF5}.Debug|Any CPU.ActiveCfg = Debug|Any CPU
		{EC937DE8-E69B-430A-AE6D-ACDB651E1EF5}.Debug|Any CPU.Build.0 = Debug|Any CPU
		{EC937DE8-E69B-430A-AE6D-ACDB651E1EF5}.Release|Any CPU.ActiveCfg = Release|Any CPU
		{EC937DE8-E69B-430A-AE6D-ACDB651E1EF5}.Release|Any CPU.Build.0 = Release|Any CPU
		{006D599B-4B8C-45BC-8869-C3EA3114D6E6}.Debug|Any CPU.ActiveCfg = Debug|Any CPU
		{006D599B-4B8C-45BC-8869-C3EA3114D6E6}.Debug|Any CPU.Build.0 = Debug|Any CPU
		{006D599B-4B8C-45BC-8869-C3EA3114D6E6}.Release|Any CPU.ActiveCfg = Release|Any CPU
		{006D599B-4B8C-45BC-8869-C3EA3114D6E6}.Release|Any CPU.Build.0 = Release|Any CPU
		{F66EA696-319D-4834-9658-B20557F82331}.Debug|Any CPU.ActiveCfg = Debug|Any CPU
		{F66EA696-319D-4834-9658-B20557F82331}.Debug|Any CPU.Build.0 = Debug|Any CPU
		{F66EA696-319D-4834-9658-B20557F82331}.Release|Any CPU.ActiveCfg = Release|Any CPU
		{F66EA696-319D-4834-9658-B20557F82331}.Release|Any CPU.Build.0 = Release|Any CPU
	EndGlobalSection
	GlobalSection(SolutionProperties) = preSolution
		HideSolutionNode = FALSE
	EndGlobalSection
EndGlobal
